
Microsoft Visual Studio Solution File, Format Version 12.00
# Visual Studio 14
VisualStudioVersion = 14.0.25420.1
MinimumVisualStudioVersion = 10.0.40219.1
Project("{FAE04EC0-301F-11D3-BF4B-00C04F79EFBC}") = "E-Commerce.Domain", "E-Commerce.Domain\E-Commerce.Domain.csproj", "{8196BF22-1A53-4499-8E8E-234661C22DFA}"
EndProject
Project("{FAE04EC0-301F-11D3-BF4B-00C04F79EFBC}") = "E-Commerce.Web", "E-Commerce.Web\E-Commerce.Web.csproj", "{4ED12356-E00D-44F9-B394-6200F3CE6A94}"
EndProject
Project("{FAE04EC0-301F-11D3-BF4B-00C04F79EFBC}") = "E-Commerce.UnitTest", "E-Commerce.UnitTest\E-Commerce.UnitTest.csproj", "{085EA903-A287-442F-980E-E6B30782EB5C}"
EndProject
Global
	GlobalSection(SolutionConfigurationPlatforms) = preSolution
		Debug|Any CPU = Debug|Any CPU
		Release|Any CPU = Release|Any CPU
	EndGlobalSection
	GlobalSection(ProjectConfigurationPlatforms) = postSolution
		{8196BF22-1A53-4499-8E8E-234661C22DFA}.Debug|Any CPU.ActiveCfg = Debug|Any CPU
		{8196BF22-1A53-4499-8E8E-234661C22DFA}.Debug|Any CPU.Build.0 = Debug|Any CPU
		{8196BF22-1A53-4499-8E8E-234661C22DFA}.Release|Any CPU.ActiveCfg = Release|Any CPU
		{8196BF22-1A53-4499-8E8E-234661C22DFA}.Release|Any CPU.Build.0 = Release|Any CPU
		{4ED12356-E00D-44F9-B394-6200F3CE6A94}.Debug|Any CPU.ActiveCfg = Debug|Any CPU
		{4ED12356-E00D-44F9-B394-6200F3CE6A94}.Debug|Any CPU.Build.0 = Debug|Any CPU
		{4ED12356-E00D-44F9-B394-6200F3CE6A94}.Release|Any CPU.ActiveCfg = Release|Any CPU
		{4ED12356-E00D-44F9-B394-6200F3CE6A94}.Release|Any CPU.Build.0 = Release|Any CPU
		{085EA903-A287-442F-980E-E6B30782EB5C}.Debug|Any CPU.ActiveCfg = Debug|Any CPU
		{085EA903-A287-442F-980E-E6B30782EB5C}.Debug|Any CPU.Build.0 = Debug|Any CPU
		{085EA903-A287-442F-980E-E6B30782EB5C}.Release|Any CPU.ActiveCfg = Release|Any CPU
		{085EA903-A287-442F-980E-E6B30782EB5C}.Release|Any CPU.Build.0 = Release|Any CPU
	EndGlobalSection
	GlobalSection(SolutionProperties) = preSolution
		HideSolutionNode = FALSE
	EndGlobalSection
EndGlobal
